
Microsoft Visual Studio Solution File, Format Version 12.00
# Visual Studio Version 17
VisualStudioVersion = 17.13.35806.99 d17.13
MinimumVisualStudioVersion = 10.0.40219.1
Project("{FAE04EC0-301F-11D3-BF4B-00C04F79EFBC}") = "MvcMovie", "MvcMovie\MvcMovie.csproj", "{2BC61116-7652-461B-9BC9-696EE4A51E4B}"
EndProject
Global
	GlobalSection(SolutionConfigurationPlatforms) = preSolution
		Debug|Any CPU = Debug|Any CPU
		Release|Any CPU = Release|Any CPU
	EndGlobalSection
	GlobalSection(ProjectConfigurationPlatforms) = postSolution
		{2BC61116-7652-461B-9BC9-696EE4A51E4B}.Debug|Any CPU.ActiveCfg = Debug|Any CPU
		{2BC61116-7652-461B-9BC9-696EE4A51E4B}.Debug|Any CPU.Build.0 = Debug|Any CPU
		{2BC61116-7652-461B-9BC9-696EE4A51E4B}.Release|Any CPU.ActiveCfg = Release|Any CPU
		{2BC61116-7652-461B-9BC9-696EE4A51E4B}.Release|Any CPU.Build.0 = Release|Any CPU
	EndGlobalSection
	GlobalSection(SolutionProperties) = preSolution
		HideSolutionNode = FALSE
	EndGlobalSection
	GlobalSection(ExtensibilityGlobals) = postSolution
		SolutionGuid = {9D967C8B-ED78-4BD3-8DAF-2DFC4BEBF511}
	EndGlobalSection
EndGlobal
